
Microsoft Visual Studio Solution File, Format Version 12.00
# Visual Studio Version 17
VisualStudioVersion = 17.7.34018.315
MinimumVisualStudioVersion = 10.0.40219.1
Project("{8BC9CEB8-8B4A-11D0-8D11-00A0C91BC942}") = "ConsoleApplication2", "ConsoleApplication2\ConsoleApplication2.vcxproj", "{B98EB6D3-2BEA-491B-BC7B-9159BEC6607C}"
EndProject
Global
	GlobalSection(SolutionConfigurationPlatforms) = preSolution
		Debug|x64 = Debug|x64
		Debug|x86 = Debug|x86
		Release|x64 = Release|x64
		Release|x86 = Release|x86
	EndGlobalSection
	GlobalSection(ProjectConfigurationPlatforms) = postSolution
		{B98EB6D3-2BEA-491B-BC7B-9159BEC6607C}.Debug|x64.ActiveCfg = Debug|x64
		{B98EB6D3-2BEA-491B-BC7B-9159BEC6607C}.Debug|x64.Build.0 = Debug|x64
		{B98EB6D3-2BEA-491B-BC7B-9159BEC6607C}.Debug|x86.ActiveCfg = Debug|Win32
		{B98EB6D3-2BEA-491B-BC7B-9159BEC6607C}.Debug|x86.Build.0 = Debug|Win32
		{B98EB6D3-2BEA-491B-BC7B-9159BEC6607C}.Release|x64.ActiveCfg = Release|x64
		{B98EB6D3-2BEA-491B-BC7B-9159BEC6607C}.Release|x64.Build.0 = Release|x64
		{B98EB6D3-2BEA-491B-BC7B-9159BEC6607C}.Release|x86.ActiveCfg = Release|Win32
		{B98EB6D3-2BEA-491B-BC7B-9159BEC6607C}.Release|x86.Build.0 = Release|Win32
	EndGlobalSection
	GlobalSection(SolutionProperties) = preSolution
		HideSolutionNode = FALSE
	EndGlobalSection
	GlobalSection(ExtensibilityGlobals) = postSolution
		SolutionGuid = {3C898F09-C256-456C-8EB0-ACA268586EC1}
	EndGlobalSection
EndGlobal
